{
  "projects": [
    {
      "projectId": "x8ztdr6NwjtFcF6gdhDwfr",
      "version": "latest",
      "dependencies": {},
      "lang": "js",
      "fileLocks": [
        {
          "type": "globalVariant",
          "assetId": "b0t-W0BM_nt_",
          "checksum": "3aa7015e23468355efa0407a41588771"
        },
        {
          "assetId": "x8ztdr6NwjtFcF6gdhDwfr",
          "type": "projectCss",
          "checksum": "b42f0392f4e8406254c542b07e746ebc"
        },
        {
          "type": "renderModule",
          "assetId": "2oDxXLtuj9QP",
          "checksum": "ebcee366cc29b95bd94e5a732fee2308"
        },
        {
          "type": "cssRules",
          "assetId": "2oDxXLtuj9QP",
          "checksum": "ebcee366cc29b95bd94e5a732fee2308"
        },
        {
          "type": "renderModule",
          "assetId": "5NdmoXTPsJ9",
          "checksum": "416556beb24254e04d8eeb06a5fcf6e2"
        },
        {
          "type": "cssRules",
          "assetId": "5NdmoXTPsJ9",
          "checksum": "416556beb24254e04d8eeb06a5fcf6e2"
        },
        {
          "type": "renderModule",
          "assetId": "ZtlGG_EjHW",
          "checksum": "ed1362db19b207534937d9a5ad4bf645"
        },
        {
          "type": "cssRules",
          "assetId": "ZtlGG_EjHW",
          "checksum": "ed1362db19b207534937d9a5ad4bf645"
        },
        {
          "type": "renderModule",
          "assetId": "aBVp1OdCVQ",
          "checksum": "2967f4c1be5be46dc7df971e96ca00d4"
        },
        {
          "type": "cssRules",
          "assetId": "aBVp1OdCVQ",
          "checksum": "2967f4c1be5be46dc7df971e96ca00d4"
        },
        {
          "type": "renderModule",
          "assetId": "5Zh2jaWV88",
          "checksum": "eccb1086070b046e0e3d13443a99eb25"
        },
        {
          "type": "cssRules",
          "assetId": "5Zh2jaWV88",
          "checksum": "eccb1086070b046e0e3d13443a99eb25"
        },
        {
          "type": "renderModule",
          "assetId": "3pT1k967mK",
          "checksum": "cd80c6d3c5e0a1a50d0307c6a3438054"
        },
        {
          "type": "cssRules",
          "assetId": "3pT1k967mK",
          "checksum": "cd80c6d3c5e0a1a50d0307c6a3438054"
        },
        {
          "type": "renderModule",
          "assetId": "Rk1jRnXKDu",
          "checksum": "fa525fa9e8c35be75380b6a31d454a00"
        },
        {
          "type": "cssRules",
          "assetId": "Rk1jRnXKDu",
          "checksum": "fa525fa9e8c35be75380b6a31d454a00"
        },
        {
          "type": "renderModule",
          "assetId": "yL-tGJImrp",
          "checksum": "b4e2013a663c8bf1c12b6eb0dc1fd134"
        },
        {
          "type": "cssRules",
          "assetId": "yL-tGJImrp",
          "checksum": "b4e2013a663c8bf1c12b6eb0dc1fd134"
        },
        {
          "type": "renderModule",
          "assetId": "oDroFXNWeS",
          "checksum": "56ba878f69ace1459e15fb14d3341baa"
        },
        {
          "type": "cssRules",
          "assetId": "oDroFXNWeS",
          "checksum": "56ba878f69ace1459e15fb14d3341baa"
        },
        {
          "type": "icon",
          "assetId": "3_Et6U0xfn5",
          "checksum": "5ebf92867c987d3679835f2250d44135"
        },
        {
          "type": "icon",
          "assetId": "pNiNdGhV783",
          "checksum": "609d5f36b7d54e77596f4918864862f8"
        },
        {
          "type": "icon",
          "assetId": "L7BY_8YYtd",
          "checksum": "19b1b2eb4a5b655e290e4c355624832a"
        },
        {
          "type": "icon",
          "assetId": "2fdrCWYF_HL",
          "checksum": "791f9003413674317503ba474121d031"
        },
        {
          "type": "icon",
          "assetId": "N-AzQaCnZa",
          "checksum": "b5acf6404931cd29da36ca141a0154ab"
        },
        {
          "type": "icon",
          "assetId": "gXZ43R9hVV",
          "checksum": "60e99b5395b550e2c3166e2309a4f70c"
        },
        {
          "type": "icon",
          "assetId": "_3kP6GXNUxL",
          "checksum": "d3fb4fe714afefc5d5a1dbcbd3898620"
        },
        {
          "type": "icon",
          "assetId": "TGuFyRPNZg4",
          "checksum": "5b82749d6f020f1d7ca4ff9a79f27dbc"
        },
        {
          "type": "icon",
          "assetId": "3g-BxGx2QkV",
          "checksum": "099abbcd906a902af7bc4066893ac09c"
        },
        {
          "type": "icon",
          "assetId": "7FIvi2vtdeb",
          "checksum": "9859ee15ae054a2a8ad1e87377a6c8d4"
        },
        {
          "type": "image",
          "assetId": "WIxE3HjXqT",
          "checksum": "cf1e1ed49eb8d749ad7643d0b30fb59e"
        },
        {
          "type": "image",
          "assetId": "yduxNW4SAn",
          "checksum": "37f370be52fa27bf1af4bba07a177602"
        },
        {
          "type": "image",
          "assetId": "R4yyoFoEZ",
          "checksum": "e4b612ab12ed162a57d4e288b540420a"
        },
        {
          "type": "image",
          "assetId": "8_uN8hc7oiB",
          "checksum": "fa04f16ab855b35bec9b0bdabe8e33f3"
        },
        {
          "type": "image",
          "assetId": "ZRC8lGCI3a9",
          "checksum": "0156dffd9701fe7a799115adba65e0ac"
        },
        {
          "type": "image",
          "assetId": "b-d09jL9z",
          "checksum": "dc265a798200a137b1f7cd62aec4b853"
        },
        {
          "type": "image",
          "assetId": "jq3xrfSUZN",
          "checksum": "12ebcccdf05ecde8021d36046d1aef70"
        },
        {
          "type": "image",
          "assetId": "q6zZ5mKGiZ",
          "checksum": "8abb3b13af7437cebd7f2854ce095a2c"
        },
        {
          "type": "image",
          "assetId": "5WzLonWzI7",
          "checksum": "6da642a71c3fc08d4c150bd985290d64"
        },
        {
          "type": "image",
          "assetId": "0TWIFenhwl",
          "checksum": "d37eb1f602f5da6370fe8860e272964d"
        },
        {
          "type": "image",
          "assetId": "M52lmKj5bj",
          "checksum": "7e206eebdc48a7f26d6d02f528dd1375"
        },
        {
          "type": "image",
          "assetId": "zgl51m40rB",
          "checksum": "47d5d2825976433ac5eeec7c9a363172"
        },
        {
          "type": "image",
          "assetId": "Ixa66ZJcf7",
          "checksum": "3d9b1852f6d737a91918802539da1cd8"
        },
        {
          "type": "image",
          "assetId": "B21kOZykQS",
          "checksum": "add9797b0740cc3429a8bbb0261fdd16"
        },
        {
          "type": "image",
          "assetId": "LFPUKmNURTZ",
          "checksum": "c20ad0e662c70770e20dd48f30572880"
        },
        {
          "type": "image",
          "assetId": "ABlBZhVPxdV",
          "checksum": "bc48f9082c8b11408a0cc900302425e2"
        },
        {
          "type": "image",
          "assetId": "qg-dHt-g6WR",
          "checksum": "51cb25aea679cb57c93ed573b1d93a35"
        }
      ]
    }
  ],
  "cliVersion": "0.1.157"
}
